PODS:
  - Device (2.0.0)
  - DeviceLayout (0.1.2):
    - Device (~> 2.0.0)
  - FBSnapshotTestCase (2.1.4):
    - FBSnapshotTestCase/SwiftSupport (= 2.1.4)
  - FBSnapshotTestCase/Core (2.1.4)
  - FBSnapshotTestCase/SwiftSupport (2.1.4):
    - FBSnapshotTestCase/Core
  - Nimble (5.1.1)
  - Nimble-Snapshots (4.4.0):
    - Nimble-Snapshots/Core (= 4.4.0)
  - Nimble-Snapshots/Core (4.4.0):
    - FBSnapshotTestCase (~> 2.0)
    - Nimble
    - Quick
  - Quick (1.0.0)

DEPENDENCIES:
  - DeviceLayout (from `../`)
  - FBSnapshotTestCase
  - Nimble (~> 5.0)
  - Nimble-Snapshots
  - Quick (~> 1.0)

EXTERNAL SOURCES:
  DeviceLayout:
    :path: "../"

SPEC CHECKSUMS:
  Device: d18c6b7f5c38f3be11dd05c4f24a091bb7061b36
  DeviceLayout: 56535c1e30e23b1a84643cbb3daf5dc6f1d6893d
  FBSnapshotTestCase: '094f9f314decbabe373b87cc339bea235a63e07a'
  Nimble: 415e3aa3267e7bc2c96b05fa814ddea7bb686a29
  Nimble-Snapshots: e743439f26c2fa99d8f7e0d7c01c99bcb40aa6f2
  Quick: 8024e4a47e6cc03a9d5245ef0948264fc6d27cff

PODFILE CHECKSUM: 2d5ad51aeb98b52d771e5bda79717c42fe49fc7a

COCOAPODS: 1.2.1
